
Microsoft Visual Studio Solution File, Format Version 12.00
# Visual Studio Version 16
VisualStudioVersion = 16.0.30413.136
MinimumVisualStudioVersion = 10.0.40219.1
Project("{FAE04EC0-301F-11D3-BF4B-00C04F79EFBC}") = "Accounts manager", "Accounts manager\Accounts manager.csproj", "{F3A3E05F-9180-427D-B995-D4AC945B78B3}"
EndProject
Project("{54435603-DBB4-11D2-8724-00A0C9A8B90C}") = "Setup", "Setup\Setup.vdproj", "{18E6544A-614A-4CB5-9DC0-976A53007639}"
EndProject
Global
	GlobalSection(SolutionConfigurationPlatforms) = preSolution
		Debug|Any CPU = Debug|Any CPU
		Release|Any CPU = Release|Any CPU
	EndGlobalSection
	GlobalSection(ProjectConfigurationPlatforms) = postSolution
		{F3A3E05F-9180-427D-B995-D4AC945B78B3}.Debug|Any CPU.ActiveCfg = Debug|Any CPU
		{F3A3E05F-9180-427D-B995-D4AC945B78B3}.Debug|Any CPU.Build.0 = Debug|Any CPU
		{F3A3E05F-9180-427D-B995-D4AC945B78B3}.Release|Any CPU.ActiveCfg = Release|Any CPU
		{F3A3E05F-9180-427D-B995-D4AC945B78B3}.Release|Any CPU.Build.0 = Release|Any CPU
		{18E6544A-614A-4CB5-9DC0-976A53007639}.Debug|Any CPU.ActiveCfg = Debug
		{18E6544A-614A-4CB5-9DC0-976A53007639}.Release|Any CPU.ActiveCfg = Release
	EndGlobalSection
	GlobalSection(SolutionProperties) = preSolution
		HideSolutionNode = FALSE
	EndGlobalSection
	GlobalSection(ExtensibilityGlobals) = postSolution
		SolutionGuid = {1D7B0F14-950B-41FF-B2F5-3A70CC1221B0}
	EndGlobalSection
EndGlobal
